
Microsoft Visual Studio Solution File, Format Version 12.00
# Visual Studio 2013
VisualStudioVersion = 12.0.21005.1
MinimumVisualStudioVersion = 10.0.40219.1
Project("{2150E333-8FDC-42A3-9474-1A3956D46DE8}") = "[1] CLI", "[1] CLI", "{021B7BFC-A115-43A1-92CB-3555819C45F1}"
EndProject
Project("{2150E333-8FDC-42A3-9474-1A3956D46DE8}") = "[0] Common", "[0] Common", "{1F0C80B1-A3AF-4431-BEAF-B6F7F8B91B8C}"
EndProject
Project("{FAE04EC0-301F-11D3-BF4B-00C04F79EFBC}") = "lib.resourceSchema", "lib.resourceSchema\lib.resourceSchema.csproj", "{6E480EB1-BFAB-4452-B9A0-FC6FE4D3F07D}"
EndProject
Project("{FAE04EC0-301F-11D3-BF4B-00C04F79EFBC}") = "rsql", "rsql\rsql.csproj", "{5918F7D0-4AA8-4412-92C2-F650E7E9E77E}"
EndProject
Global
	GlobalSection(SolutionConfigurationPlatforms) = preSolution
		Debug|Any CPU = Debug|Any CPU
		Release|Any CPU = Release|Any CPU
	EndGlobalSection
	GlobalSection(ProjectConfigurationPlatforms) = postSolution
		{6E480EB1-BFAB-4452-B9A0-FC6FE4D3F07D}.Debug|Any CPU.ActiveCfg = Debug|Any CPU
		{6E480EB1-BFAB-4452-B9A0-FC6FE4D3F07D}.Debug|Any CPU.Build.0 = Debug|Any CPU
		{6E480EB1-BFAB-4452-B9A0-FC6FE4D3F07D}.Release|Any CPU.ActiveCfg = Release|Any CPU
		{6E480EB1-BFAB-4452-B9A0-FC6FE4D3F07D}.Release|Any CPU.Build.0 = Release|Any CPU
		{5918F7D0-4AA8-4412-92C2-F650E7E9E77E}.Debug|Any CPU.ActiveCfg = Debug|Any CPU
		{5918F7D0-4AA8-4412-92C2-F650E7E9E77E}.Debug|Any CPU.Build.0 = Debug|Any CPU
		{5918F7D0-4AA8-4412-92C2-F650E7E9E77E}.Release|Any CPU.ActiveCfg = Release|Any CPU
		{5918F7D0-4AA8-4412-92C2-F650E7E9E77E}.Release|Any CPU.Build.0 = Release|Any CPU
	EndGlobalSection
	GlobalSection(SolutionProperties) = preSolution
		HideSolutionNode = FALSE
	EndGlobalSection
	GlobalSection(NestedProjects) = preSolution
		{5918F7D0-4AA8-4412-92C2-F650E7E9E77E} = {021B7BFC-A115-43A1-92CB-3555819C45F1}
		{6E480EB1-BFAB-4452-B9A0-FC6FE4D3F07D} = {1F0C80B1-A3AF-4431-BEAF-B6F7F8B91B8C}
	EndGlobalSection
EndGlobal
