
Microsoft Visual Studio Solution File, Format Version 12.00
# Visual Studio 15
VisualStudioVersion = 15.0.27703.2000
MinimumVisualStudioVersion = 10.0.40219.1
Project("{00D1A9C2-B5F0-4AF3-8072-F6C62B433612}") = "ResourceSchema", "ResourceSchema.sqlproj", "{207E0174-F304-40A4-A512-4C8563DDB8FF}"
EndProject
Global
	GlobalSection(SolutionConfigurationPlatforms) = preSolution
		Debug|Any CPU = Debug|Any CPU
		Release|Any CPU = Release|Any CPU
	EndGlobalSection
	GlobalSection(ProjectConfigurationPlatforms) = postSolution
		{207E0174-F304-40A4-A512-4C8563DDB8FF}.Debug|Any CPU.ActiveCfg = Debug|Any CPU
		{207E0174-F304-40A4-A512-4C8563DDB8FF}.Debug|Any CPU.Build.0 = Debug|Any CPU
		{207E0174-F304-40A4-A512-4C8563DDB8FF}.Debug|Any CPU.Deploy.0 = Debug|Any CPU
		{207E0174-F304-40A4-A512-4C8563DDB8FF}.Release|Any CPU.ActiveCfg = Release|Any CPU
		{207E0174-F304-40A4-A512-4C8563DDB8FF}.Release|Any CPU.Build.0 = Release|Any CPU
		{207E0174-F304-40A4-A512-4C8563DDB8FF}.Release|Any CPU.Deploy.0 = Release|Any CPU
	EndGlobalSection
	GlobalSection(SolutionProperties) = preSolution
		HideSolutionNode = FALSE
	EndGlobalSection
	GlobalSection(ExtensibilityGlobals) = postSolution
		SolutionGuid = {0303628A-5F1C-4362-904B-45A11FED0C40}
	EndGlobalSection
EndGlobal
